schema: '2.0'
stages:
  featurize:
    cmd: python3 src/featurize.py data/raw data/featurize
    deps:
    - path: data/raw
      md5: 9d3d74e16f896a88df4f97f9755bb4b0.dir
      size: 305179520
      nfiles: 5
    - path: src/featurize.py
      md5: c94a3fff61a5c2f572b027ce9c6d07c0
      size: 2022
    params:
      params.yaml:
        featurize.max_row_limit: 1000000
        featurize.window_size: 8
    outs:
    - path: data/featurize
      md5: 96dc364478248eea5f36cdb343cb0863.dir
      size: 83232709
      nfiles: 1
